
Microsoft Visual Studio Solution File, Format Version 12.00
# Visual Studio Version 17
VisualStudioVersion = 17.8.34330.188
MinimumVisualStudioVersion = 10.0.40219.1
Project("{9A19103F-16F7-4668-BE54-9A1E7A4F7556}") = "StandUsersBridge", "StandUsersBridge\StandUsersBridge.csproj", "{81CBD11E-B5C0-4ED6-90DF-CB9E77D50D29}"
EndProject
Project("{9A19103F-16F7-4668-BE54-9A1E7A4F7556}") = "StandUsersBridge.Domain", "StandUsersBridge.Domain\StandUsersBridge.Domain.csproj", "{B04454BB-44EF-41AC-999C-94D5942C3BFB}"
EndProject
Project("{9A19103F-16F7-4668-BE54-9A1E7A4F7556}") = "StandUsersBridge.Infrastructure", "StandUsersBridge.Infrastructure\StandUsersBridge.Infrastructure.csproj", "{47B4C10A-659D-40A4-9E26-4B8ABFADF056}"
EndProject
Project("{E53339B2-1760-4266-BCC7-CA923CBCF16C}") = "docker-compose", "docker-compose.dcproj", "{FDCDA263-1445-4EB2-BFEC-9711462EA84F}"
EndProject
Global
	GlobalSection(SolutionConfigurationPlatforms) = preSolution
		Debug|Any CPU = Debug|Any CPU
		Release|Any CPU = Release|Any CPU
	EndGlobalSection
	GlobalSection(ProjectConfigurationPlatforms) = postSolution
		{81CBD11E-B5C0-4ED6-90DF-CB9E77D50D29}.Debug|Any CPU.ActiveCfg = Debug|Any CPU
		{81CBD11E-B5C0-4ED6-90DF-CB9E77D50D29}.Debug|Any CPU.Build.0 = Debug|Any CPU
		{81CBD11E-B5C0-4ED6-90DF-CB9E77D50D29}.Release|Any CPU.ActiveCfg = Release|Any CPU
		{81CBD11E-B5C0-4ED6-90DF-CB9E77D50D29}.Release|Any CPU.Build.0 = Release|Any CPU
		{B04454BB-44EF-41AC-999C-94D5942C3BFB}.Debug|Any CPU.ActiveCfg = Debug|Any CPU
		{B04454BB-44EF-41AC-999C-94D5942C3BFB}.Debug|Any CPU.Build.0 = Debug|Any CPU
		{B04454BB-44EF-41AC-999C-94D5942C3BFB}.Release|Any CPU.ActiveCfg = Release|Any CPU
		{B04454BB-44EF-41AC-999C-94D5942C3BFB}.Release|Any CPU.Build.0 = Release|Any CPU
		{47B4C10A-659D-40A4-9E26-4B8ABFADF056}.Debug|Any CPU.ActiveCfg = Debug|Any CPU
		{47B4C10A-659D-40A4-9E26-4B8ABFADF056}.Debug|Any CPU.Build.0 = Debug|Any CPU
		{47B4C10A-659D-40A4-9E26-4B8ABFADF056}.Release|Any CPU.ActiveCfg = Release|Any CPU
		{47B4C10A-659D-40A4-9E26-4B8ABFADF056}.Release|Any CPU.Build.0 = Release|Any CPU
		{FDCDA263-1445-4EB2-BFEC-9711462EA84F}.Debug|Any CPU.ActiveCfg = Debug|Any CPU
		{FDCDA263-1445-4EB2-BFEC-9711462EA84F}.Debug|Any CPU.Build.0 = Debug|Any CPU
		{FDCDA263-1445-4EB2-BFEC-9711462EA84F}.Release|Any CPU.ActiveCfg = Release|Any CPU
		{FDCDA263-1445-4EB2-BFEC-9711462EA84F}.Release|Any CPU.Build.0 = Release|Any CPU
	EndGlobalSection
	GlobalSection(SolutionProperties) = preSolution
		HideSolutionNode = FALSE
	EndGlobalSection
	GlobalSection(ExtensibilityGlobals) = postSolution
		SolutionGuid = {BC3CBB7A-C859-447F-B931-D55E717BC055}
	EndGlobalSection
EndGlobal
